
Microsoft Visual Studio Solution File, Format Version 12.00
# Visual Studio Version 16
VisualStudioVersion = 16.0.32126.315
MinimumVisualStudioVersion = 10.0.40219.1
Project("{FAE04EC0-301F-11D3-BF4B-00C04F79EFBC}") = "Ejemplo", "Ejemplo\Ejemplo.csproj", "{4487D1EA-0CAE-49BB-BCC1-884968EA50B6}"
EndProject
Global
	GlobalSection(SolutionConfigurationPlatforms) = preSolution
		Debug|Any CPU = Debug|Any CPU
		Release|Any CPU = Release|Any CPU
	EndGlobalSection
	GlobalSection(ProjectConfigurationPlatforms) = postSolution
		{4487D1EA-0CAE-49BB-BCC1-884968EA50B6}.Debug|Any CPU.ActiveCfg = Debug|Any CPU
		{4487D1EA-0CAE-49BB-BCC1-884968EA50B6}.Debug|Any CPU.Build.0 = Debug|Any CPU
		{4487D1EA-0CAE-49BB-BCC1-884968EA50B6}.Release|Any CPU.ActiveCfg = Release|Any CPU
		{4487D1EA-0CAE-49BB-BCC1-884968EA50B6}.Release|Any CPU.Build.0 = Release|Any CPU
	EndGlobalSection
	GlobalSection(SolutionProperties) = preSolution
		HideSolutionNode = FALSE
	EndGlobalSection
	GlobalSection(ExtensibilityGlobals) = postSolution
		SolutionGuid = {0F9EA123-EF59-4A00-A659-01B56530903E}
	EndGlobalSection
EndGlobal
